
Microsoft Visual Studio Solution File, Format Version 12.00
# Visual Studio Version 17
VisualStudioVersion = 17.13.35818.85 d17.13
MinimumVisualStudioVersion = 10.0.40219.1
Project("{FAE04EC0-301F-11D3-BF4B-00C04F79EFBC}") = "FirstTask", "FirstTask\FirstTask.csproj", "{69DE93E1-CA66-43F9-A3A7-B080C7738568}"
EndProject
Project("{FAE04EC0-301F-11D3-BF4B-00C04F79EFBC}") = "SecondTask", "SecondTask\SecondTask.csproj", "{42CCAB6F-75A7-4AD9-B5CF-949E96C764BE}"
EndProject
Global
	GlobalSection(SolutionConfigurationPlatforms) = preSolution
		Debug|Any CPU = Debug|Any CPU
		Release|Any CPU = Release|Any CPU
	EndGlobalSection
	GlobalSection(ProjectConfigurationPlatforms) = postSolution
		{69DE93E1-CA66-43F9-A3A7-B080C7738568}.Debug|Any CPU.ActiveCfg = Debug|Any CPU
		{69DE93E1-CA66-43F9-A3A7-B080C7738568}.Debug|Any CPU.Build.0 = Debug|Any CPU
		{69DE93E1-CA66-43F9-A3A7-B080C7738568}.Release|Any CPU.ActiveCfg = Release|Any CPU
		{69DE93E1-CA66-43F9-A3A7-B080C7738568}.Release|Any CPU.Build.0 = Release|Any CPU
		{42CCAB6F-75A7-4AD9-B5CF-949E96C764BE}.Debug|Any CPU.ActiveCfg = Debug|Any CPU
		{42CCAB6F-75A7-4AD9-B5CF-949E96C764BE}.Debug|Any CPU.Build.0 = Debug|Any CPU
		{42CCAB6F-75A7-4AD9-B5CF-949E96C764BE}.Release|Any CPU.ActiveCfg = Release|Any CPU
		{42CCAB6F-75A7-4AD9-B5CF-949E96C764BE}.Release|Any CPU.Build.0 = Release|Any CPU
	EndGlobalSection
	GlobalSection(SolutionProperties) = preSolution
		HideSolutionNode = FALSE
	EndGlobalSection
	GlobalSection(ExtensibilityGlobals) = postSolution
		SolutionGuid = {608E9459-54FA-4D12-8E18-A3AE1C2895FC}
	EndGlobalSection
EndGlobal
